
Microsoft Visual Studio Solution File, Format Version 12.00
Project("{FAE04EC0-301F-11D3-BF4B-00C04F79EFBC}") = "HelloConsole", "HelloConsole\HelloConsole.csproj", "{6243908E-C618-4443-8DE1-90C1159FB53E}"
EndProject
Project("{FAE04EC0-301F-11D3-BF4B-00C04F79EFBC}") = "Bookmarkr", "Bookmarkr\Bookmarkr.csproj", "{6EE10638-860C-4288-BF7D-23D9E6A522E3}"
EndProject
Project("{FAE04EC0-301F-11D3-BF4B-00C04F79EFBC}") = "BookmarkrV2", "BookmarkrV2\BookmarkrV2.csproj", "{4DD1BAA6-683B-4417-A62F-A0D16C383387}"
EndProject
Project("{FAE04EC0-301F-11D3-BF4B-00C04F79EFBC}") = "BookmarkrV3", "BookmarkrV3\BookmarkrV3.csproj", "{EDB5B810-C60B-400F-984F-0CAB5FA6A54C}"
EndProject
Project("{FAE04EC0-301F-11D3-BF4B-00C04F79EFBC}") = "BookmarkrV7", "BookmarkrV7\BookmarkrV7.csproj", "{D70E8DA1-DAA9-4718-B6E0-7D2929849AC0}"
EndProject
Project("{FAE04EC0-301F-11D3-BF4B-00C04F79EFBC}") = "BookmarkrV8", "BookmarkrV8\BookmarkrV8.csproj", "{0319B434-8F35-4D0B-B30F-A718188B564D}"
EndProject
Project("{FAE04EC0-301F-11D3-BF4B-00C04F79EFBC}") = "BookmarkrV9", "BookmarkrV9\BookmarkrV9.csproj", "{9BC7DD43-3DBE-4629-B83A-FB3F5410EC16}"
EndProject
Project("{FAE04EC0-301F-11D3-BF4B-00C04F79EFBC}") = "Bookmarkr.UnitTests", "Bookmarkr.UnitTests\Bookmarkr.UnitTests.csproj", "{B53B743A-F95E-485F-9E0A-B4AFEBED0160}"
EndProject
Project("{FAE04EC0-301F-11D3-BF4B-00C04F79EFBC}") = "BookmarkrV12", "BookmarkrV12\BookmarkrV12.csproj", "{757D3394-EC38-45AC-80C7-97BAC0D3871E}"
EndProject
Global
	GlobalSection(SolutionConfigurationPlatforms) = preSolution
		Debug|Any CPU = Debug|Any CPU
		Release|Any CPU = Release|Any CPU
	EndGlobalSection
	GlobalSection(ProjectConfigurationPlatforms) = postSolution
		{6243908E-C618-4443-8DE1-90C1159FB53E}.Debug|Any CPU.ActiveCfg = Debug|Any CPU
		{6243908E-C618-4443-8DE1-90C1159FB53E}.Debug|Any CPU.Build.0 = Debug|Any CPU
		{6243908E-C618-4443-8DE1-90C1159FB53E}.Release|Any CPU.ActiveCfg = Release|Any CPU
		{6243908E-C618-4443-8DE1-90C1159FB53E}.Release|Any CPU.Build.0 = Release|Any CPU
		{6EE10638-860C-4288-BF7D-23D9E6A522E3}.Debug|Any CPU.ActiveCfg = Debug|Any CPU
		{6EE10638-860C-4288-BF7D-23D9E6A522E3}.Debug|Any CPU.Build.0 = Debug|Any CPU
		{6EE10638-860C-4288-BF7D-23D9E6A522E3}.Release|Any CPU.ActiveCfg = Release|Any CPU
		{6EE10638-860C-4288-BF7D-23D9E6A522E3}.Release|Any CPU.Build.0 = Release|Any CPU
		{4DD1BAA6-683B-4417-A62F-A0D16C383387}.Debug|Any CPU.ActiveCfg = Debug|Any CPU
		{4DD1BAA6-683B-4417-A62F-A0D16C383387}.Debug|Any CPU.Build.0 = Debug|Any CPU
		{4DD1BAA6-683B-4417-A62F-A0D16C383387}.Release|Any CPU.ActiveCfg = Release|Any CPU
		{4DD1BAA6-683B-4417-A62F-A0D16C383387}.Release|Any CPU.Build.0 = Release|Any CPU
		{EDB5B810-C60B-400F-984F-0CAB5FA6A54C}.Debug|Any CPU.ActiveCfg = Debug|Any CPU
		{EDB5B810-C60B-400F-984F-0CAB5FA6A54C}.Debug|Any CPU.Build.0 = Debug|Any CPU
		{EDB5B810-C60B-400F-984F-0CAB5FA6A54C}.Release|Any CPU.ActiveCfg = Release|Any CPU
		{EDB5B810-C60B-400F-984F-0CAB5FA6A54C}.Release|Any CPU.Build.0 = Release|Any CPU
		{D70E8DA1-DAA9-4718-B6E0-7D2929849AC0}.Debug|Any CPU.ActiveCfg = Debug|Any CPU
		{D70E8DA1-DAA9-4718-B6E0-7D2929849AC0}.Debug|Any CPU.Build.0 = Debug|Any CPU
		{D70E8DA1-DAA9-4718-B6E0-7D2929849AC0}.Release|Any CPU.ActiveCfg = Release|Any CPU
		{D70E8DA1-DAA9-4718-B6E0-7D2929849AC0}.Release|Any CPU.Build.0 = Release|Any CPU
		{0319B434-8F35-4D0B-B30F-A718188B564D}.Debug|Any CPU.ActiveCfg = Debug|Any CPU
		{0319B434-8F35-4D0B-B30F-A718188B564D}.Debug|Any CPU.Build.0 = Debug|Any CPU
		{0319B434-8F35-4D0B-B30F-A718188B564D}.Release|Any CPU.ActiveCfg = Release|Any CPU
		{0319B434-8F35-4D0B-B30F-A718188B564D}.Release|Any CPU.Build.0 = Release|Any CPU
		{9BC7DD43-3DBE-4629-B83A-FB3F5410EC16}.Debug|Any CPU.ActiveCfg = Debug|Any CPU
		{9BC7DD43-3DBE-4629-B83A-FB3F5410EC16}.Debug|Any CPU.Build.0 = Debug|Any CPU
		{9BC7DD43-3DBE-4629-B83A-FB3F5410EC16}.Release|Any CPU.ActiveCfg = Release|Any CPU
		{9BC7DD43-3DBE-4629-B83A-FB3F5410EC16}.Release|Any CPU.Build.0 = Release|Any CPU
		{B53B743A-F95E-485F-9E0A-B4AFEBED0160}.Debug|Any CPU.ActiveCfg = Debug|Any CPU
		{B53B743A-F95E-485F-9E0A-B4AFEBED0160}.Debug|Any CPU.Build.0 = Debug|Any CPU
		{B53B743A-F95E-485F-9E0A-B4AFEBED0160}.Release|Any CPU.ActiveCfg = Release|Any CPU
		{B53B743A-F95E-485F-9E0A-B4AFEBED0160}.Release|Any CPU.Build.0 = Release|Any CPU
		{757D3394-EC38-45AC-80C7-97BAC0D3871E}.Debug|Any CPU.ActiveCfg = Debug|Any CPU
		{757D3394-EC38-45AC-80C7-97BAC0D3871E}.Debug|Any CPU.Build.0 = Debug|Any CPU
		{757D3394-EC38-45AC-80C7-97BAC0D3871E}.Release|Any CPU.ActiveCfg = Release|Any CPU
		{757D3394-EC38-45AC-80C7-97BAC0D3871E}.Release|Any CPU.Build.0 = Release|Any CPU
	EndGlobalSection
EndGlobal
